// !$*UTF8*$!
{
	archiveVersion = 1;
	classes = {
	};
	objectVersion = 77;
	objects = {

/* Begin PBXBuildFile section */
		99599BA02F9328170057F3FF /* EnergyDashboardApp.swift in Sources */ = {isa = PBXBuildFile; fileRef = 99599B9F2F9328170057F3FF /* EnergyDashboardApp.swift */; };
		99599C302F944D970057F3FF /* fuel_transactions.json in Resources */ = {isa = PBXBuildFile; fileRef = 99599C2F2F944D970057F3FF /* fuel_transactions.json */; };
		99599C322F944DBD0057F3FF /* charge_sessions.json in Resources */ = {isa = PBXBuildFile; fileRef = 99599C312F944DBD0057F3FF /* charge_sessions.json */; };
		99599C342F944DDC0057F3FF /* store_offers.json in Resources */ = {isa = PBXBuildFile; fileRef = 99599C332F944DDC0057F3FF /* store_offers.json */; };
		99599C362F944E860057F3FF /* JSONMockLoader.swift in Sources */ = {isa = PBXBuildFile; fileRef = 99599C352F944E7F0057F3FF /* JSONMockLoader.swift */; };
		99599C372F944EEA0057F3FF /* AppConstants.swift in Sources */ = {isa = PBXBuildFile; fileRef = 99599C1F2F9441EE0057F3FF /* AppConstants.swift */; };
		99599C382F944F040057F3FF /* ViewState.swift in Sources */ = {isa = PBXBuildFile; fileRef = 99599C252F9447750057F3FF /* ViewState.swift */; };
		99599C3B2F9450050057F3FF /* DemoDataService.swift in Sources */ = {isa = PBXBuildFile; fileRef = 99599C3A2F944FFD0057F3FF /* DemoDataService.swift */; };
		99599C3C2F94501D0057F3FF /* DataServiceProtocol.swift in Sources */ = {isa = PBXBuildFile; fileRef = 99599C272F9448EF0057F3FF /* DataServiceProtocol.swift */; };
		99599C3D2F94502D0057F3FF /* FuelTransaction.swift in Sources */ = {isa = PBXBuildFile; fileRef = 99599C202F9442F10057F3FF /* FuelTransaction.swift */; };
		99599C3E2F9450330057F3FF /* ChargeSession.swift in Sources */ = {isa = PBXBuildFile; fileRef = 99599C212F94430B0057F3FF /* ChargeSession.swift */; };
		99599C3F2F9450380057F3FF /* StoreOffer.swift in Sources */ = {isa = PBXBuildFile; fileRef = 99599C222F9443190057F3FF /* StoreOffer.swift */; };
		99599C402F94503D0057F3FF /* FuelTransaction+Formatting.swift in Sources */ = {isa = PBXBuildFile; fileRef = 99599C232F9444300057F3FF /* FuelTransaction+Formatting.swift */; };
		99599C412F9450430057F3FF /* ChargeSession+Formatting.swift in Sources */ = {isa = PBXBuildFile; fileRef = 99599C242F9444DA0057F3FF /* ChargeSession+Formatting.swift */; };
		99599C442F9450900057F3FF /* DefaultDataService.swift in Sources */ = {isa = PBXBuildFile; fileRef = 99599C432F94508A0057F3FF /* DefaultDataService.swift */; };
		99599C472F94514E0057F3FF /* MockDataService.swift in Sources */ = {isa = PBXBuildFile; fileRef = 99599C462F9451480057F3FF /* MockDataService.swift */; };
		99599C4A2F94530A0057F3FF /* ServiceFactory.swift in Sources */ = {isa = PBXBuildFile; fileRef = 99599C492F9453000057F3FF /* ServiceFactory.swift */; };
		99599C4C2F94540C0057F3FF /* ViewModelFactory.swift in Sources */ = {isa = PBXBuildFile; fileRef = 99599C4B2F9454090057F3FF /* ViewModelFactory.swift */; };
		99599C4E2F9457300057F3FF /* DashboardViewModel.swift in Sources */ = {isa = PBXBuildFile; fileRef = 99599C4D2F9457300057F3FF /* DashboardViewModel.swift */; };
		99599C502F94599B0057F3FF /* FuelTransactionsViewModel.swift in Sources */ = {isa = PBXBuildFile; fileRef = 99599C4F2F9459970057F3FF /* FuelTransactionsViewModel.swift */; };
		99599C522F945B160057F3FF /* ChargeSessionsViewModel.swift in Sources */ = {isa = PBXBuildFile; fileRef = 99599C512F945B110057F3FF /* ChargeSessionsViewModel.swift */; };
		99599C582F945C5C0057F3FF /* StoreOffersViewModel.swift in Sources */ = {isa = PBXBuildFile; fileRef = 99599C572F945C5C0057F3FF /* StoreOffersViewModel.swift */; };
		99599C632F9466410057F3FF /* ModuleCardView.swift in Sources */ = {isa = PBXBuildFile; fileRef = 99599C622F9466410057F3FF /* ModuleCardView.swift */; };
		99599C642F94679A0057F3FF /* AppColors.swift in Sources */ = {isa = PBXBuildFile; fileRef = 99599C1D2F943F020057F3FF /* AppColors.swift */; };
		99599C652F94680A0057F3FF /* AppTextStyles.swift in Sources */ = {isa = PBXBuildFile; fileRef = 99599C1E2F9441500057F3FF /* AppTextStyles.swift */; };
		99599C672F94694E0057F3FF /* ViewStateView.swift in Sources */ = {isa = PBXBuildFile; fileRef = 99599C662F94694B0057F3FF /* ViewStateView.swift */; };
		99599C6B2F94C84C0057F3FF /* InfoBadgeView.swift in Sources */ = {isa = PBXBuildFile; fileRef = 99599C6A2F94C84C0057F3FF /* InfoBadgeView.swift */; };
		99599C6D2F94C8E80057F3FF /* DateTileView.swift in Sources */ = {isa = PBXBuildFile; fileRef = 99599C6C2F94C8E80057F3FF /* DateTileView.swift */; };
		99599C6F2F94CA1A0057F3FF /* SeeAllButton.swift in Sources */ = {isa = PBXBuildFile; fileRef = 99599C6E2F94CA1A0057F3FF /* SeeAllButton.swift */; };
		99599C722F94CBBF0057F3FF /* DashboardView.swift in Sources */ = {isa = PBXBuildFile; fileRef = 99599C712F94CBBF0057F3FF /* DashboardView.swift */; };
		99599C742F94D2F70057F3FF /* FuelTransactionsModuleView.swift in Sources */ = {isa = PBXBuildFile; fileRef = 99599C732F94D2F70057F3FF /* FuelTransactionsModuleView.swift */; };
		99599C762F94D51B0057F3FF /* FuelTransactionRowView.swift in Sources */ = {isa = PBXBuildFile; fileRef = 99599C752F94D51B0057F3FF /* FuelTransactionRowView.swift */; };
		99599C782F94D6970057F3FF /* FuelTransactionDetailView.swift in Sources */ = {isa = PBXBuildFile; fileRef = 99599C772F94D6970057F3FF /* FuelTransactionDetailView.swift */; };
		99599C7A2F94D7E60057F3FF /* ChargeSessionsModuleView.swift in Sources */ = {isa = PBXBuildFile; fileRef = 99599C792F94D7E60057F3FF /* ChargeSessionsModuleView.swift */; };
		99599C7C2F94D8E30057F3FF /* ChargeSessionRowView.swift in Sources */ = {isa = PBXBuildFile; fileRef = 99599C7B2F94D8E30057F3FF /* ChargeSessionRowView.swift */; };
		99599C7E2F94D9D80057F3FF /* ChargeSessionDetailView.swift in Sources */ = {isa = PBXBuildFile; fileRef = 99599C7D2F94D9D80057F3FF /* ChargeSessionDetailView.swift */; };
		99599C802F94DA980057F3FF /* StoreOffersModuleView.swift in Sources */ = {isa = PBXBuildFile; fileRef = 99599C7F2F94DA980057F3FF /* StoreOffersModuleView.swift */; };
		99599C812F94E7E30057F3FF /* fuel_transactions.json in Resources */ = {isa = PBXBuildFile; fileRef = 99599C2F2F944D970057F3FF /* fuel_transactions.json */; };
		99599C822F94E7E80057F3FF /* charge_sessions.json in Resources */ = {isa = PBXBuildFile; fileRef = 99599C312F944DBD0057F3FF /* charge_sessions.json */; };
		99599C832F94E7ED0057F3FF /* store_offers.json in Resources */ = {isa = PBXBuildFile; fileRef = 99599C332F944DDC0057F3FF /* store_offers.json */; };
/* End PBXBuildFile section */

/* Begin PBXContainerItemProxy section */
		99599BAA2F9328180057F3FF /* PBXContainerItemProxy */ = {
			isa = PBXContainerItemProxy;
			containerPortal = 99599B942F9328170057F3FF /* Project object */;
			proxyType = 1;
			remoteGlobalIDString = 99599B9B2F9328170057F3FF;
			remoteInfo = EnergyDashboard;
		};
		99599BB42F9328180057F3FF /* PBXContainerItemProxy */ = {
			isa = PBXContainerItemProxy;
			containerPortal = 99599B942F9328170057F3FF /* Project object */;
			proxyType = 1;
			remoteGlobalIDString = 99599B9B2F9328170057F3FF;
			remoteInfo = EnergyDashboard;
		};
/* End PBXContainerItemProxy section */

/* Begin PBXFileReference section */
		99599B9C2F9328170057F3FF /* EnergyDashboard.app */ = {isa = PBXFileReference; explicitFileType = wrapper.application; includeInIndex = 0; path = EnergyDashboard.app; sourceTree = BUILT_PRODUCTS_DIR; };
		99599B9F2F9328170057F3FF /* EnergyDashboardApp.swift */ = {isa = PBXFileReference; lastKnownFileType = sourcecode.swift; path = EnergyDashboardApp.swift; sourceTree = "<group>"; };
		99599BA92F9328180057F3FF /* EnergyDashboardTests.xctest */ = {isa = PBXFileReference; explicitFileType = wrapper.cfbundle; includeInIndex = 0; path = EnergyDashboardTests.xctest; sourceTree = BUILT_PRODUCTS_DIR; };
		99599BB32F9328180057F3FF /* EnergyDashboardUITests.xctest */ = {isa = PBXFileReference; explicitFileType = wrapper.cfbundle; includeInIndex = 0; path = EnergyDashboardUITests.xctest; sourceTree = BUILT_PRODUCTS_DIR; };
		99599C1D2F943F020057F3FF /* AppColors.swift */ = {isa = PBXFileReference; lastKnownFileType = sourcecode.swift; path = AppColors.swift; sourceTree = "<group>"; };
		99599C1E2F9441500057F3FF /* AppTextStyles.swift */ = {isa = PBXFileReference; lastKnownFileType = sourcecode.swift; path = AppTextStyles.swift; sourceTree = "<group>"; };
		99599C1F2F9441EE0057F3FF /* AppConstants.swift */ = {isa = PBXFileReference; lastKnownFileType = sourcecode.swift; path = AppConstants.swift; sourceTree = "<group>"; };
		99599C202F9442F10057F3FF /* FuelTransaction.swift */ = {isa = PBXFileReference; lastKnownFileType = sourcecode.swift; path = FuelTransaction.swift; sourceTree = "<group>"; };
		99599C212F94430B0057F3FF /* ChargeSession.swift */ = {isa = PBXFileReference; lastKnownFileType = sourcecode.swift; path = ChargeSession.swift; sourceTree = "<group>"; };
		99599C222F9443190057F3FF /* StoreOffer.swift */ = {isa = PBXFileReference; lastKnownFileType = sourcecode.swift; path = StoreOffer.swift; sourceTree = "<group>"; };
		99599C232F9444300057F3FF /* FuelTransaction+Formatting.swift */ = {isa = PBXFileReference; lastKnownFileType = sourcecode.swift; path = "FuelTransaction+Formatting.swift"; sourceTree = "<group>"; };
		99599C242F9444DA0057F3FF /* ChargeSession+Formatting.swift */ = {isa = PBXFileReference; lastKnownFileType = sourcecode.swift; path = "ChargeSession+Formatting.swift"; sourceTree = "<group>"; };
		99599C252F9447750057F3FF /* ViewState.swift */ = {isa = PBXFileReference; lastKnownFileType = sourcecode.swift; path = ViewState.swift; sourceTree = "<group>"; };
		99599C272F9448EF0057F3FF /* DataServiceProtocol.swift */ = {isa = PBXFileReference; lastKnownFileType = sourcecode.swift; path = DataServiceProtocol.swift; sourceTree = "<group>"; };
		99599C2F2F944D970057F3FF /* fuel_transactions.json */ = {isa = PBXFileReference; lastKnownFileType = text.json; path = fuel_transactions.json; sourceTree = "<group>"; };
		99599C312F944DBD0057F3FF /* charge_sessions.json */ = {isa = PBXFileReference; lastKnownFileType = text.json; path = charge_sessions.json; sourceTree = "<group>"; };
		99599C332F944DDC0057F3FF /* store_offers.json */ = {isa = PBXFileReference; lastKnownFileType = text.json; path = store_offers.json; sourceTree = "<group>"; };
		99599C352F944E7F0057F3FF /* JSONMockLoader.swift */ = {isa = PBXFileReference; lastKnownFileType = sourcecode.swift; path = JSONMockLoader.swift; sourceTree = "<group>"; };
		99599C3A2F944FFD0057F3FF /* DemoDataService.swift */ = {isa = PBXFileReference; lastKnownFileType = sourcecode.swift; path = DemoDataService.swift; sourceTree = "<group>"; };
		99599C432F94508A0057F3FF /* DefaultDataService.swift */ = {isa = PBXFileReference; lastKnownFileType = sourcecode.swift; path = DefaultDataService.swift; sourceTree = "<group>"; };
		99599C462F9451480057F3FF /* MockDataService.swift */ = {isa = PBXFileReference; lastKnownFileType = sourcecode.swift; path = MockDataService.swift; sourceTree = "<group>"; };
		99599C492F9453000057F3FF /* ServiceFactory.swift */ = {isa = PBXFileReference; lastKnownFileType = sourcecode.swift; path = ServiceFactory.swift; sourceTree = "<group>"; };
		99599C4B2F9454090057F3FF /* ViewModelFactory.swift */ = {isa = PBXFileReference; lastKnownFileType = sourcecode.swift; path = ViewModelFactory.swift; sourceTree = "<group>"; };
		99599C4D2F9457300057F3FF /* DashboardViewModel.swift */ = {isa = PBXFileReference; lastKnownFileType = sourcecode.swift; path = DashboardViewModel.swift; sourceTree = "<group>"; };
		99599C4F2F9459970057F3FF /* FuelTransactionsViewModel.swift */ = {isa = PBXFileReference; lastKnownFileType = sourcecode.swift; path = FuelTransactionsViewModel.swift; sourceTree = "<group>"; };
		99599C512F945B110057F3FF /* ChargeSessionsViewModel.swift */ = {isa = PBXFileReference; lastKnownFileType = sourcecode.swift; path = ChargeSessionsViewModel.swift; sourceTree = "<group>"; };
		99599C572F945C5C0057F3FF /* StoreOffersViewModel.swift */ = {isa = PBXFileReference; lastKnownFileType = sourcecode.swift; path = StoreOffersViewModel.swift; sourceTree = "<group>"; };
		99599C622F9466410057F3FF /* ModuleCardView.swift */ = {isa = PBXFileReference; lastKnownFileType = sourcecode.swift; path = ModuleCardView.swift; sourceTree = "<group>"; };
		99599C662F94694B0057F3FF /* ViewStateView.swift */ = {isa = PBXFileReference; lastKnownFileType = sourcecode.swift; path = ViewStateView.swift; sourceTree = "<group>"; };
		99599C6A2F94C84C0057F3FF /* InfoBadgeView.swift */ = {isa = PBXFileReference; lastKnownFileType = sourcecode.swift; path = InfoBadgeView.swift; sourceTree = "<group>"; };
		99599C6C2F94C8E80057F3FF /* DateTileView.swift */ = {isa = PBXFileReference; lastKnownFileType = sourcecode.swift; path = DateTileView.swift; sourceTree = "<group>"; };
		99599C6E2F94CA1A0057F3FF /* SeeAllButton.swift */ = {isa = PBXFileReference; lastKnownFileType = sourcecode.swift; path = SeeAllButton.swift; sourceTree = "<group>"; };
		99599C712F94CBBF0057F3FF /* DashboardView.swift */ = {isa = PBXFileReference; lastKnownFileType = sourcecode.swift; path = DashboardView.swift; sourceTree = "<group>"; };
		99599C732F94D2F70057F3FF /* FuelTransactionsModuleView.swift */ = {isa = PBXFileReference; lastKnownFileType = sourcecode.swift; path = FuelTransactionsModuleView.swift; sourceTree = "<group>"; };
		99599C752F94D51B0057F3FF /* FuelTransactionRowView.swift */ = {isa = PBXFileReference; lastKnownFileType = sourcecode.swift; path = FuelTransactionRowView.swift; sourceTree = "<group>"; };
		99599C772F94D6970057F3FF /* FuelTransactionDetailView.swift */ = {isa = PBXFileReference; lastKnownFileType = sourcecode.swift; path = FuelTransactionDetailView.swift; sourceTree = "<group>"; };
		99599C792F94D7E60057F3FF /* ChargeSessionsModuleView.swift */ = {isa = PBXFileReference; lastKnownFileType = sourcecode.swift; path = ChargeSessionsModuleView.swift; sourceTree = "<group>"; };
		99599C7B2F94D8E30057F3FF /* ChargeSessionRowView.swift */ = {isa = PBXFileReference; lastKnownFileType = sourcecode.swift; path = ChargeSessionRowView.swift; sourceTree = "<group>"; };
		99599C7D2F94D9D80057F3FF /* ChargeSessionDetailView.swift */ = {isa = PBXFileReference; lastKnownFileType = sourcecode.swift; path = ChargeSessionDetailView.swift; sourceTree = "<group>"; };
		99599C7F2F94DA980057F3FF /* StoreOffersModuleView.swift */ = {isa = PBXFileReference; lastKnownFileType = sourcecode.swift; path = StoreOffersModuleView.swift; sourceTree = "<group>"; };
/* End PBXFileReference section */

/* Begin PBXFileSystemSynchronizedRootGroup section */
		99599B9E2F9328170057F3FF /* EnergyDashboard */ = {
			isa = PBXFileSystemSynchronizedRootGroup;
			path = EnergyDashboard;
			sourceTree = "<group>";
		};
		99599BAC2F9328180057F3FF /* EnergyDashboardTests */ = {
			isa = PBXFileSystemSynchronizedRootGroup;
			path = EnergyDashboardTests;
			sourceTree = "<group>";
		};
		99599BB62F9328180057F3FF /* EnergyDashboardUITests */ = {
			isa = PBXFileSystemSynchronizedRootGroup;
			path = EnergyDashboardUITests;
			sourceTree = "<group>";
		};
/* End PBXFileSystemSynchronizedRootGroup section */

/* Begin PBXFrameworksBuildPhase section */
		99599B992F9328170057F3FF /* Frameworks */ = {
			isa = PBXFrameworksBuildPhase;
			buildActionMask = 2147483647;
			files = (
			);
			runOnlyForDeploymentPostprocessing = 0;
		};
		99599BA62F9328180057F3FF /* Frameworks */ = {
			isa = PBXFrameworksBuildPhase;
			buildActionMask = 2147483647;
			files = (
			);
			runOnlyForDeploymentPostprocessing = 0;
		};
		99599BB02F9328180057F3FF /* Frameworks */ = {
			isa = PBXFrameworksBuildPhase;
			buildActionMask = 2147483647;
			files = (
			);
			runOnlyForDeploymentPostprocessing = 0;
		};
/* End PBXFrameworksBuildPhase section */

/* Begin PBXGroup section */
		99599B932F9328170057F3FF = {
			isa = PBXGroup;
			children = (
				99599B9E2F9328170057F3FF /* EnergyDashboard */,
				99599C142F9332300057F3FF /* App */,
				99599C1C2F943DD70057F3FF /* Core */,
				99599C152F9332490057F3FF /* Models */,
				99599C172F93325A0057F3FF /* Services */,
				99599C162F9332510057F3FF /* ViewModels */,
				99599C182F9332690057F3FF /* Views */,
				99599C1B2F943D7E0057F3FF /* ToolBox */,
				99599BAC2F9328180057F3FF /* EnergyDashboardTests */,
				99599BB62F9328180057F3FF /* EnergyDashboardUITests */,
				99599B9D2F9328170057F3FF /* Products */,
			);
			sourceTree = "<group>";
		};
		99599B9D2F9328170057F3FF /* Products */ = {
			isa = PBXGroup;
			children = (
				99599B9C2F9328170057F3FF /* EnergyDashboard.app */,
				99599BA92F9328180057F3FF /* EnergyDashboardTests.xctest */,
				99599BB32F9328180057F3FF /* EnergyDashboardUITests.xctest */,
			);
			name = Products;
			sourceTree = "<group>";
		};
		99599C142F9332300057F3FF /* App */ = {
			isa = PBXGroup;
			children = (
				99599B9F2F9328170057F3FF /* EnergyDashboardApp.swift */,
			);
			path = App;
			sourceTree = "<group>";
		};
		99599C152F9332490057F3FF /* Models */ = {
			isa = PBXGroup;
			children = (
				99599C252F9447750057F3FF /* ViewState.swift */,
				99599C242F9444DA0057F3FF /* ChargeSession+Formatting.swift */,
				99599C232F9444300057F3FF /* FuelTransaction+Formatting.swift */,
				99599C222F9443190057F3FF /* StoreOffer.swift */,
				99599C212F94430B0057F3FF /* ChargeSession.swift */,
				99599C202F9442F10057F3FF /* FuelTransaction.swift */,
			);
			path = Models;
			sourceTree = "<group>";
		};
		99599C162F9332510057F3FF /* ViewModels */ = {
			isa = PBXGroup;
			children = (
				99599C572F945C5C0057F3FF /* StoreOffersViewModel.swift */,
				99599C512F945B110057F3FF /* ChargeSessionsViewModel.swift */,
				99599C4F2F9459970057F3FF /* FuelTransactionsViewModel.swift */,
				99599C4D2F9457300057F3FF /* DashboardViewModel.swift */,
			);
			path = ViewModels;
			sourceTree = "<group>";
		};
		99599C172F93325A0057F3FF /* Services */ = {
			isa = PBXGroup;
			children = (
				99599C452F9451430057F3FF /* Mock */,
				99599C422F9450820057F3FF /* Defaults */,
				99599C392F944FF70057F3FF /* Demo */,
				99599C282F944CB70057F3FF /* MockData */,
				99599C262F9448E70057F3FF /* Protocols */,
			);
			path = Services;
			sourceTree = "<group>";
		};
		99599C182F9332690057F3FF /* Views */ = {
			isa = PBXGroup;
			children = (
				99599C712F94CBBF0057F3FF /* DashboardView.swift */,
				99599C732F94D2F70057F3FF /* FuelTransactionsModuleView.swift */,
				99599C752F94D51B0057F3FF /* FuelTransactionRowView.swift */,
				99599C772F94D6970057F3FF /* FuelTransactionDetailView.swift */,
				99599C792F94D7E60057F3FF /* ChargeSessionsModuleView.swift */,
				99599C7B2F94D8E30057F3FF /* ChargeSessionRowView.swift */,
				99599C7D2F94D9D80057F3FF /* ChargeSessionDetailView.swift */,
				99599C7F2F94DA980057F3FF /* StoreOffersModuleView.swift */,
			);
			path = Views;
			sourceTree = "<group>";
		};
		99599C1B2F943D7E0057F3FF /* ToolBox */ = {
			isa = PBXGroup;
			children = (
				99599C612F9466280057F3FF /* Components */,
				99599C1E2F9441500057F3FF /* AppTextStyles.swift */,
				99599C1D2F943F020057F3FF /* AppColors.swift */,
			);
			path = ToolBox;
			sourceTree = "<group>";
		};
		99599C1C2F943DD70057F3FF /* Core */ = {
			isa = PBXGroup;
			children = (
				99599C482F9452EF0057F3FF /* DependencyContainer */,
				99599C1F2F9441EE0057F3FF /* AppConstants.swift */,
			);
			path = Core;
			sourceTree = "<group>";
		};
		99599C262F9448E70057F3FF /* Protocols */ = {
			isa = PBXGroup;
			children = (
				99599C272F9448EF0057F3FF /* DataServiceProtocol.swift */,
			);
			path = Protocols;
			sourceTree = "<group>";
		};
		99599C282F944CB70057F3FF /* MockData */ = {
			isa = PBXGroup;
			children = (
				99599C352F944E7F0057F3FF /* JSONMockLoader.swift */,
				99599C2F2F944D970057F3FF /* fuel_transactions.json */,
				99599C312F944DBD0057F3FF /* charge_sessions.json */,
				99599C332F944DDC0057F3FF /* store_offers.json */,
			);
			path = MockData;
			sourceTree = "<group>";
		};
		99599C392F944FF70057F3FF /* Demo */ = {
			isa = PBXGroup;
			children = (
				99599C3A2F944FFD0057F3FF /* DemoDataService.swift */,
			);
			path = Demo;
			sourceTree = "<group>";
		};
		99599C422F9450820057F3FF /* Defaults */ = {
			isa = PBXGroup;
			children = (
				99599C432F94508A0057F3FF /* DefaultDataService.swift */,
			);
			path = Defaults;
			sourceTree = "<group>";
		};
		99599C452F9451430057F3FF /* Mock */ = {
			isa = PBXGroup;
			children = (
				99599C462F9451480057F3FF /* MockDataService.swift */,
			);
			path = Mock;
			sourceTree = "<group>";
		};
		99599C482F9452EF0057F3FF /* DependencyContainer */ = {
			isa = PBXGroup;
			children = (
				99599C4B2F9454090057F3FF /* ViewModelFactory.swift */,
				99599C492F9453000057F3FF /* ServiceFactory.swift */,
			);
			path = DependencyContainer;
			sourceTree = "<group>";
		};
		99599C612F9466280057F3FF /* Components */ = {
			isa = PBXGroup;
			children = (
				99599C662F94694B0057F3FF /* ViewStateView.swift */,
				99599C622F9466410057F3FF /* ModuleCardView.swift */,
				99599C6A2F94C84C0057F3FF /* InfoBadgeView.swift */,
				99599C6C2F94C8E80057F3FF /* DateTileView.swift */,
				99599C6E2F94CA1A0057F3FF /* SeeAllButton.swift */,
			);
			path = Components;
			sourceTree = "<group>";
		};
/* End PBXGroup section */

/* Begin PBXNativeTarget section */
		99599B9B2F9328170057F3FF /* EnergyDashboard */ = {
			isa = PBXNativeTarget;
			buildConfigurationList = 99599BBD2F9328180057F3FF /* Build configuration list for PBXNativeTarget "EnergyDashboard" */;
			buildPhases = (
				99599B982F9328170057F3FF /* Sources */,
				99599B992F9328170057F3FF /* Frameworks */,
				99599B9A2F9328170057F3FF /* Resources */,
			);
			buildRules = (
			);
			dependencies = (
			);
			fileSystemSynchronizedGroups = (
				99599B9E2F9328170057F3FF /* EnergyDashboard */,
			);
			name = EnergyDashboard;
			packageProductDependencies = (
			);
			productName = EnergyDashboard;
			productReference = 99599B9C2F9328170057F3FF /* EnergyDashboard.app */;
			productType = "com.apple.product-type.application";
		};
		99599BA82F9328180057F3FF /* EnergyDashboardTests */ = {
			isa = PBXNativeTarget;
			buildConfigurationList = 99599BC02F9328180057F3FF /* Build configuration list for PBXNativeTarget "EnergyDashboardTests" */;
			buildPhases = (
				99599BA52F9328180057F3FF /* Sources */,
				99599BA62F9328180057F3FF /* Frameworks */,
				99599BA72F9328180057F3FF /* Resources */,
			);
			buildRules = (
			);
			dependencies = (
				99599BAB2F9328180057F3FF /* PBXTargetDependency */,
			);
			fileSystemSynchronizedGroups = (
				99599BAC2F9328180057F3FF /* EnergyDashboardTests */,
			);
			name = EnergyDashboardTests;
			packageProductDependencies = (
			);
			productName = EnergyDashboardTests;
			productReference = 99599BA92F9328180057F3FF /* EnergyDashboardTests.xctest */;
			productType = "com.apple.product-type.bundle.unit-test";
		};
		99599BB22F9328180057F3FF /* EnergyDashboardUITests */ = {
			isa = PBXNativeTarget;
			buildConfigurationList = 99599BC32F9328180057F3FF /* Build configuration list for PBXNativeTarget "EnergyDashboardUITests" */;
			buildPhases = (
				99599BAF2F9328180057F3FF /* Sources */,
				99599BB02F9328180057F3FF /* Frameworks */,
				99599BB12F9328180057F3FF /* Resources */,
			);
			buildRules = (
			);
			dependencies = (
				99599BB52F9328180057F3FF /* PBXTargetDependency */,
			);
			fileSystemSynchronizedGroups = (
				99599BB62F9328180057F3FF /* EnergyDashboardUITests */,
			);
			name = EnergyDashboardUITests;
			packageProductDependencies = (
			);
			productName = EnergyDashboardUITests;
			productReference = 99599BB32F9328180057F3FF /* EnergyDashboardUITests.xctest */;
			productType = "com.apple.product-type.bundle.ui-testing";
		};
/* End PBXNativeTarget section */

/* Begin PBXProject section */
		99599B942F9328170057F3FF /* Project object */ = {
			isa = PBXProject;
			attributes = {
				BuildIndependentTargetsInParallel = 1;
				LastSwiftUpdateCheck = 2640;
				LastUpgradeCheck = 2640;
				TargetAttributes = {
					99599B9B2F9328170057F3FF = {
						CreatedOnToolsVersion = 26.4;
					};
					99599BA82F9328180057F3FF = {
						CreatedOnToolsVersion = 26.4;
						TestTargetID = 99599B9B2F9328170057F3FF;
					};
					99599BB22F9328180057F3FF = {
						CreatedOnToolsVersion = 26.4;
						TestTargetID = 99599B9B2F9328170057F3FF;
					};
				};
			};
			buildConfigurationList = 99599B972F9328170057F3FF /* Build configuration list for PBXProject "EnergyDashboard" */;
			developmentRegion = en;
			hasScannedForEncodings = 0;
			knownRegions = (
				en,
				Base,
			);
			mainGroup = 99599B932F9328170057F3FF;
			minimizedProjectReferenceProxies = 1;
			preferredProjectObjectVersion = 77;
			productRefGroup = 99599B9D2F9328170057F3FF /* Products */;
			projectDirPath = "";
			projectRoot = "";
			targets = (
				99599B9B2F9328170057F3FF /* EnergyDashboard */,
				99599BA82F9328180057F3FF /* EnergyDashboardTests */,
				99599BB22F9328180057F3FF /* EnergyDashboardUITests */,
			);
		};
/* End PBXProject section */

/* Begin PBXResourcesBuildPhase section */
		99599B9A2F9328170057F3FF /* Resources */ = {
			isa = PBXResourcesBuildPhase;
			buildActionMask = 2147483647;
			files = (
				99599C322F944DBD0057F3FF /* charge_sessions.json in Resources */,
				99599C302F944D970057F3FF /* fuel_transactions.json in Resources */,
				99599C342F944DDC0057F3FF /* store_offers.json in Resources */,
			);
			runOnlyForDeploymentPostprocessing = 0;
		};
		99599BA72F9328180057F3FF /* Resources */ = {
			isa = PBXResourcesBuildPhase;
			buildActionMask = 2147483647;
			files = (
				99599C822F94E7E80057F3FF /* charge_sessions.json in Resources */,
				99599C812F94E7E30057F3FF /* fuel_transactions.json in Resources */,
				99599C832F94E7ED0057F3FF /* store_offers.json in Resources */,
			);
			runOnlyForDeploymentPostprocessing = 0;
		};
		99599BB12F9328180057F3FF /* Resources */ = {
			isa = PBXResourcesBuildPhase;
			buildActionMask = 2147483647;
			files = (
			);
			runOnlyForDeploymentPostprocessing = 0;
		};
/* End PBXResourcesBuildPhase section */

/* Begin PBXSourcesBuildPhase section */
		99599B982F9328170057F3FF /* Sources */ = {
			isa = PBXSourcesBuildPhase;
			buildActionMask = 2147483647;
			files = (
				99599C3F2F9450380057F3FF /* StoreOffer.swift in Sources */,
				99599C502F94599B0057F3FF /* FuelTransactionsViewModel.swift in Sources */,
				99599C7C2F94D8E30057F3FF /* ChargeSessionRowView.swift in Sources */,
				99599C402F94503D0057F3FF /* FuelTransaction+Formatting.swift in Sources */,
				99599C362F944E860057F3FF /* JSONMockLoader.swift in Sources */,
				99599C632F9466410057F3FF /* ModuleCardView.swift in Sources */,
				99599C3D2F94502D0057F3FF /* FuelTransaction.swift in Sources */,
				99599C802F94DA980057F3FF /* StoreOffersModuleView.swift in Sources */,
				99599C4C2F94540C0057F3FF /* ViewModelFactory.swift in Sources */,
				99599C782F94D6970057F3FF /* FuelTransactionDetailView.swift in Sources */,
				99599C582F945C5C0057F3FF /* StoreOffersViewModel.swift in Sources */,
				99599C4A2F94530A0057F3FF /* ServiceFactory.swift in Sources */,
				99599C6F2F94CA1A0057F3FF /* SeeAllButton.swift in Sources */,
				99599C472F94514E0057F3FF /* MockDataService.swift in Sources */,
				99599C4E2F9457300057F3FF /* DashboardViewModel.swift in Sources */,
				99599C3B2F9450050057F3FF /* DemoDataService.swift in Sources */,
				99599C522F945B160057F3FF /* ChargeSessionsViewModel.swift in Sources */,
				99599C6D2F94C8E80057F3FF /* DateTileView.swift in Sources */,
				99599C762F94D51B0057F3FF /* FuelTransactionRowView.swift in Sources */,
				99599C382F944F040057F3FF /* ViewState.swift in Sources */,
				99599C722F94CBBF0057F3FF /* DashboardView.swift in Sources */,
				99599C6B2F94C84C0057F3FF /* InfoBadgeView.swift in Sources */,
				99599C642F94679A0057F3FF /* AppColors.swift in Sources */,
				99599C3C2F94501D0057F3FF /* DataServiceProtocol.swift in Sources */,
				99599C7E2F94D9D80057F3FF /* ChargeSessionDetailView.swift in Sources */,
				99599C442F9450900057F3FF /* DefaultDataService.swift in Sources */,
				99599BA02F9328170057F3FF /* EnergyDashboardApp.swift in Sources */,
				99599C742F94D2F70057F3FF /* FuelTransactionsModuleView.swift in Sources */,
				99599C412F9450430057F3FF /* ChargeSession+Formatting.swift in Sources */,
				99599C7A2F94D7E60057F3FF /* ChargeSessionsModuleView.swift in Sources */,
				99599C372F944EEA0057F3FF /* AppConstants.swift in Sources */,
				99599C672F94694E0057F3FF /* ViewStateView.swift in Sources */,
				99599C652F94680A0057F3FF /* AppTextStyles.swift in Sources */,
				99599C3E2F9450330057F3FF /* ChargeSession.swift in Sources */,
			);
			runOnlyForDeploymentPostprocessing = 0;
		};
		99599BA52F9328180057F3FF /* Sources */ = {
			isa = PBXSourcesBuildPhase;
			buildActionMask = 2147483647;
			files = (
			);
			runOnlyForDeploymentPostprocessing = 0;
		};
		99599BAF2F9328180057F3FF /* Sources */ = {
			isa = PBXSourcesBuildPhase;
			buildActionMask = 2147483647;
			files = (
			);
			runOnlyForDeploymentPostprocessing = 0;
		};
/* End PBXSourcesBuildPhase section */

/* Begin PBXTargetDependency section */
		99599BAB2F9328180057F3FF /* PBXTargetDependency */ = {
			isa = PBXTargetDependency;
			target = 99599B9B2F9328170057F3FF /* EnergyDashboard */;
			targetProxy = 99599BAA2F9328180057F3FF /* PBXContainerItemProxy */;
		};
		99599BB52F9328180057F3FF /* PBXTargetDependency */ = {
			isa = PBXTargetDependency;
			target = 99599B9B2F9328170057F3FF /* EnergyDashboard */;
			targetProxy = 99599BB42F9328180057F3FF /* PBXContainerItemProxy */;
		};
/* End PBXTargetDependency section */

/* Begin XCBuildConfiguration section */
		99599BBB2F9328180057F3FF /* Debug */ = {
			isa = XCBuildConfiguration;
			buildSettings = {
				ALWAYS_SEARCH_USER_PATHS = NO;
				ASSETCATALOG_COMPILER_GENERATE_SWIFT_ASSET_SYMBOL_EXTENSIONS = YES;
				CLANG_ANALYZER_NONNULL = YES;
				CLANG_ANALYZER_NUMBER_OBJECT_CONVERSION = YES_AGGRESSIVE;
				CLANG_CXX_LANGUAGE_STANDARD = "gnu++20";
				CLANG_ENABLE_MODULES = YES;
				CLANG_ENABLE_OBJC_ARC = YES;
				CLANG_ENABLE_OBJC_WEAK = YES;
				CLANG_WARN_BLOCK_CAPTURE_AUTORELEASING = YES;
				CLANG_WARN_BOOL_CONVERSION = YES;
				CLANG_WARN_COMMA = YES;
				CLANG_WARN_CONSTANT_CONVERSION = YES;
				CLANG_WARN_DEPRECATED_OBJC_IMPLEMENTATIONS = YES;
				CLANG_WARN_DIRECT_OBJC_ISA_USAGE = YES_ERROR;
				CLANG_WARN_DOCUMENTATION_COMMENTS = YES;
				CLANG_WARN_EMPTY_BODY = YES;
				CLANG_WARN_ENUM_CONVERSION = YES;
				CLANG_WARN_INFINITE_RECURSION = YES;
				CLANG_WARN_INT_CONVERSION = YES;
				CLANG_WARN_NON_LITERAL_NULL_CONVERSION = YES;
				CLANG_WARN_OBJC_IMPLICIT_RETAIN_SELF = YES;
				CLANG_WARN_OBJC_LITERAL_CONVERSION = YES;
				CLANG_WARN_OBJC_ROOT_CLASS = YES_ERROR;
				CLANG_WARN_QUOTED_INCLUDE_IN_FRAMEWORK_HEADER = YES;
				CLANG_WARN_RANGE_LOOP_ANALYSIS = YES;
				CLANG_WARN_STRICT_PROTOTYPES = YES;
				CLANG_WARN_SUSPICIOUS_MOVE = YES;
				CLANG_WARN_UNGUARDED_AVAILABILITY = YES_AGGRESSIVE;
				CLANG_WARN_UNREACHABLE_CODE = YES;
				CLANG_WARN__DUPLICATE_METHOD_MATCH = YES;
				COPY_PHASE_STRIP = NO;
				DEBUG_INFORMATION_FORMAT = dwarf;
				ENABLE_STRICT_OBJC_MSGSEND = YES;
				ENABLE_TESTABILITY = YES;
				ENABLE_USER_SCRIPT_SANDBOXING = YES;
				GCC_C_LANGUAGE_STANDARD = gnu17;
				GCC_DYNAMIC_NO_PIC = NO;
				GCC_NO_COMMON_BLOCKS = YES;
				GCC_OPTIMIZATION_LEVEL = 0;
				GCC_PREPROCESSOR_DEFINITIONS = (
					"DEBUG=1",
					"$(inherited)",
				);
				GCC_WARN_64_TO_32_BIT_CONVERSION = YES;
				GCC_WARN_ABOUT_RETURN_TYPE = YES_ERROR;
				GCC_WARN_UNDECLARED_SELECTOR = YES;
				GCC_WARN_UNINITIALIZED_AUTOS = YES_AGGRESSIVE;
				GCC_WARN_UNUSED_FUNCTION = YES;
				GCC_WARN_UNUSED_VARIABLE = YES;
				IPHONEOS_DEPLOYMENT_TARGET = 26.4;
				LOCALIZATION_PREFERS_STRING_CATALOGS = YES;
				MTL_ENABLE_DEBUG_INFO = INCLUDE_SOURCE;
				MTL_FAST_MATH = YES;
				ONLY_ACTIVE_ARCH = YES;
				SDKROOT = iphoneos;
				SWIFT_ACTIVE_COMPILATION_CONDITIONS = "DEBUG $(inherited)";
				SWIFT_OPTIMIZATION_LEVEL = "-Onone";
			};
			name = Debug;
		};
		99599BBC2F9328180057F3FF /* Release */ = {
			isa = XCBuildConfiguration;
			buildSettings = {
				ALWAYS_SEARCH_USER_PATHS = NO;
				ASSETCATALOG_COMPILER_GENERATE_SWIFT_ASSET_SYMBOL_EXTENSIONS = YES;
				CLANG_ANALYZER_NONNULL = YES;
				CLANG_ANALYZER_NUMBER_OBJECT_CONVERSION = YES_AGGRESSIVE;
				CLANG_CXX_LANGUAGE_STANDARD = "gnu++20";
				CLANG_ENABLE_MODULES = YES;
				CLANG_ENABLE_OBJC_ARC = YES;
				CLANG_ENABLE_OBJC_WEAK = YES;
				CLANG_WARN_BLOCK_CAPTURE_AUTORELEASING = YES;
				CLANG_WARN_BOOL_CONVERSION = YES;
				CLANG_WARN_COMMA = YES;
				CLANG_WARN_CONSTANT_CONVERSION = YES;
				CLANG_WARN_DEPRECATED_OBJC_IMPLEMENTATIONS = YES;
				CLANG_WARN_DIRECT_OBJC_ISA_USAGE = YES_ERROR;
				CLANG_WARN_DOCUMENTATION_COMMENTS = YES;
				CLANG_WARN_EMPTY_BODY = YES;
				CLANG_WARN_ENUM_CONVERSION = YES;
				CLANG_WARN_INFINITE_RECURSION = YES;
				CLANG_WARN_INT_CONVERSION = YES;
				CLANG_WARN_NON_LITERAL_NULL_CONVERSION = YES;
				CLANG_WARN_OBJC_IMPLICIT_RETAIN_SELF = YES;
				CLANG_WARN_OBJC_LITERAL_CONVERSION = YES;
				CLANG_WARN_OBJC_ROOT_CLASS = YES_ERROR;
				CLANG_WARN_QUOTED_INCLUDE_IN_FRAMEWORK_HEADER = YES;
				CLANG_WARN_RANGE_LOOP_ANALYSIS = YES;
				CLANG_WARN_STRICT_PROTOTYPES = YES;
				CLANG_WARN_SUSPICIOUS_MOVE = YES;
				CLANG_WARN_UNGUARDED_AVAILABILITY = YES_AGGRESSIVE;
				CLANG_WARN_UNREACHABLE_CODE = YES;
				CLANG_WARN__DUPLICATE_METHOD_MATCH = YES;
				COPY_PHASE_STRIP = NO;
				DEBUG_INFORMATION_FORMAT = "dwarf-with-dsym";
				ENABLE_NS_ASSERTIONS = NO;
				ENABLE_STRICT_OBJC_MSGSEND = YES;
				ENABLE_USER_SCRIPT_SANDBOXING = YES;
				GCC_C_LANGUAGE_STANDARD = gnu17;
				GCC_NO_COMMON_BLOCKS = YES;
				GCC_WARN_64_TO_32_BIT_CONVERSION = YES;
				GCC_WARN_ABOUT_RETURN_TYPE = YES_ERROR;
				GCC_WARN_UNDECLARED_SELECTOR = YES;
				GCC_WARN_UNINITIALIZED_AUTOS = YES_AGGRESSIVE;
				GCC_WARN_UNUSED_FUNCTION = YES;
				GCC_WARN_UNUSED_VARIABLE = YES;
				IPHONEOS_DEPLOYMENT_TARGET = 26.4;
				LOCALIZATION_PREFERS_STRING_CATALOGS = YES;
				MTL_ENABLE_DEBUG_INFO = NO;
				MTL_FAST_MATH = YES;
				SDKROOT = iphoneos;
				SWIFT_COMPILATION_MODE = wholemodule;
				VALIDATE_PRODUCT = YES;
			};
			name = Release;
		};
		99599BBE2F9328180057F3FF /* Debug */ = {
			isa = XCBuildConfiguration;
			buildSettings = {
				ASSETCATALOG_COMPILER_APPICON_NAME = AppIcon;
				ASSETCATALOG_COMPILER_GLOBAL_ACCENT_COLOR_NAME = AccentColor;
				CODE_SIGN_STYLE = Automatic;
				CURRENT_PROJECT_VERSION = 1;
				ENABLE_PREVIEWS = YES;
				GENERATE_INFOPLIST_FILE = YES;
				INFOPLIST_KEY_UIApplicationSceneManifest_Generation = YES;
				INFOPLIST_KEY_UIApplicationSupportsIndirectInputEvents = YES;
				INFOPLIST_KEY_UILaunchScreen_Generation = YES;
				INFOPLIST_KEY_UISupportedInterfaceOrientations_iPad = "UIInterfaceOrientationPortrait UIInterfaceOrientationPortraitUpsideDown UIInterfaceOrientationLandscapeLeft UIInterfaceOrientationLandscapeRight";
				INFOPLIST_KEY_UISupportedInterfaceOrientations_iPhone = "UIInterfaceOrientationPortrait UIInterfaceOrientationLandscapeLeft UIInterfaceOrientationLandscapeRight";
				LD_RUNPATH_SEARCH_PATHS = (
					"$(inherited)",
					"@executable_path/Frameworks",
				);
				MARKETING_VERSION = 1.0;
				PRODUCT_BUNDLE_IDENTIFIER = test.Priyanka.EnergyDashboard;
				PRODUCT_NAME = "$(TARGET_NAME)";
				STRING_CATALOG_GENERATE_SYMBOLS = YES;
				SWIFT_APPROACHABLE_CONCURRENCY = YES;
				SWIFT_DEFAULT_ACTOR_ISOLATION = MainActor;
				SWIFT_EMIT_LOC_STRINGS = YES;
				SWIFT_UPCOMING_FEATURE_MEMBER_IMPORT_VISIBILITY = YES;
				SWIFT_VERSION = 5.0;
				TARGETED_DEVICE_FAMILY = "1,2";
			};
			name = Debug;
		};
		99599BBF2F9328180057F3FF /* Release */ = {
			isa = XCBuildConfiguration;
			buildSettings = {
				ASSETCATALOG_COMPILER_APPICON_NAME = AppIcon;
				ASSETCATALOG_COMPILER_GLOBAL_ACCENT_COLOR_NAME = AccentColor;
				CODE_SIGN_STYLE = Automatic;
				CURRENT_PROJECT_VERSION = 1;
				ENABLE_PREVIEWS = YES;
				GENERATE_INFOPLIST_FILE = YES;
				INFOPLIST_KEY_UIApplicationSceneManifest_Generation = YES;
				INFOPLIST_KEY_UIApplicationSupportsIndirectInputEvents = YES;
				INFOPLIST_KEY_UILaunchScreen_Generation = YES;
				INFOPLIST_KEY_UISupportedInterfaceOrientations_iPad = "UIInterfaceOrientationPortrait UIInterfaceOrientationPortraitUpsideDown UIInterfaceOrientationLandscapeLeft UIInterfaceOrientationLandscapeRight";
				INFOPLIST_KEY_UISupportedInterfaceOrientations_iPhone = "UIInterfaceOrientationPortrait UIInterfaceOrientationLandscapeLeft UIInterfaceOrientationLandscapeRight";
				LD_RUNPATH_SEARCH_PATHS = (
					"$(inherited)",
					"@executable_path/Frameworks",
				);
				MARKETING_VERSION = 1.0;
				PRODUCT_BUNDLE_IDENTIFIER = test.Priyanka.EnergyDashboard;
				PRODUCT_NAME = "$(TARGET_NAME)";
				STRING_CATALOG_GENERATE_SYMBOLS = YES;
				SWIFT_APPROACHABLE_CONCURRENCY = YES;
				SWIFT_DEFAULT_ACTOR_ISOLATION = MainActor;
				SWIFT_EMIT_LOC_STRINGS = YES;
				SWIFT_UPCOMING_FEATURE_MEMBER_IMPORT_VISIBILITY = YES;
				SWIFT_VERSION = 5.0;
				TARGETED_DEVICE_FAMILY = "1,2";
			};
			name = Release;
		};
		99599BC12F9328180057F3FF /* Debug */ = {
			isa = XCBuildConfiguration;
			buildSettings = {
				BUNDLE_LOADER = "$(TEST_HOST)";
				CODE_SIGN_STYLE = Automatic;
				CURRENT_PROJECT_VERSION = 1;
				GENERATE_INFOPLIST_FILE = YES;
				IPHONEOS_DEPLOYMENT_TARGET = 26.4;
				MARKETING_VERSION = 1.0;
				PRODUCT_BUNDLE_IDENTIFIER = test.Priyanka.EnergyDashboardTests;
				PRODUCT_NAME = "$(TARGET_NAME)";
				STRING_CATALOG_GENERATE_SYMBOLS = NO;
				SWIFT_APPROACHABLE_CONCURRENCY = YES;
				SWIFT_EMIT_LOC_STRINGS = NO;
				SWIFT_UPCOMING_FEATURE_MEMBER_IMPORT_VISIBILITY = YES;
				SWIFT_VERSION = 5.0;
				TARGETED_DEVICE_FAMILY = "1,2";
				TEST_HOST = "$(BUILT_PRODUCTS_DIR)/EnergyDashboard.app/$(BUNDLE_EXECUTABLE_FOLDER_PATH)/EnergyDashboard";
			};
			name = Debug;
		};
		99599BC22F9328180057F3FF /* Release */ = {
			isa = XCBuildConfiguration;
			buildSettings = {
				BUNDLE_LOADER = "$(TEST_HOST)";
				CODE_SIGN_STYLE = Automatic;
				CURRENT_PROJECT_VERSION = 1;
				GENERATE_INFOPLIST_FILE = YES;
				IPHONEOS_DEPLOYMENT_TARGET = 26.4;
				MARKETING_VERSION = 1.0;
				PRODUCT_BUNDLE_IDENTIFIER = test.Priyanka.EnergyDashboardTests;
				PRODUCT_NAME = "$(TARGET_NAME)";
				STRING_CATALOG_GENERATE_SYMBOLS = NO;
				SWIFT_APPROACHABLE_CONCURRENCY = YES;
				SWIFT_EMIT_LOC_STRINGS = NO;
				SWIFT_UPCOMING_FEATURE_MEMBER_IMPORT_VISIBILITY = YES;
				SWIFT_VERSION = 5.0;
				TARGETED_DEVICE_FAMILY = "1,2";
				TEST_HOST = "$(BUILT_PRODUCTS_DIR)/EnergyDashboard.app/$(BUNDLE_EXECUTABLE_FOLDER_PATH)/EnergyDashboard";
			};
			name = Release;
		};
		99599BC42F9328180057F3FF /* Debug */ = {
			isa = XCBuildConfiguration;
			buildSettings = {
				CODE_SIGN_STYLE = Automatic;
				CURRENT_PROJECT_VERSION = 1;
				GENERATE_INFOPLIST_FILE = YES;
				MARKETING_VERSION = 1.0;
				PRODUCT_BUNDLE_IDENTIFIER = test.Priyanka.EnergyDashboardUITests;
				PRODUCT_NAME = "$(TARGET_NAME)";
				STRING_CATALOG_GENERATE_SYMBOLS = NO;
				SWIFT_APPROACHABLE_CONCURRENCY = YES;
				SWIFT_EMIT_LOC_STRINGS = NO;
				SWIFT_UPCOMING_FEATURE_MEMBER_IMPORT_VISIBILITY = YES;
				SWIFT_VERSION = 5.0;
				TARGETED_DEVICE_FAMILY = "1,2";
				TEST_TARGET_NAME = EnergyDashboard;
			};
			name = Debug;
		};
		99599BC52F9328180057F3FF /* Release */ = {
			isa = XCBuildConfiguration;
			buildSettings = {
				CODE_SIGN_STYLE = Automatic;
				CURRENT_PROJECT_VERSION = 1;
				GENERATE_INFOPLIST_FILE = YES;
				MARKETING_VERSION = 1.0;
				PRODUCT_BUNDLE_IDENTIFIER = test.Priyanka.EnergyDashboardUITests;
				PRODUCT_NAME = "$(TARGET_NAME)";
				STRING_CATALOG_GENERATE_SYMBOLS = NO;
				SWIFT_APPROACHABLE_CONCURRENCY = YES;
				SWIFT_EMIT_LOC_STRINGS = NO;
				SWIFT_UPCOMING_FEATURE_MEMBER_IMPORT_VISIBILITY = YES;
				SWIFT_VERSION = 5.0;
				TARGETED_DEVICE_FAMILY = "1,2";
				TEST_TARGET_NAME = EnergyDashboard;
			};
			name = Release;
		};
/* End XCBuildConfiguration section */

/* Begin XCConfigurationList section */
		99599B972F9328170057F3FF /* Build configuration list for PBXProject "EnergyDashboard" */ = {
			isa = XCConfigurationList;
			buildConfigurations = (
				99599BBB2F9328180057F3FF /* Debug */,
				99599BBC2F9328180057F3FF /* Release */,
			);
			defaultConfigurationIsVisible = 0;
			defaultConfigurationName = Release;
		};
		99599BBD2F9328180057F3FF /* Build configuration list for PBXNativeTarget "EnergyDashboard" */ = {
			isa = XCConfigurationList;
			buildConfigurations = (
				99599BBE2F9328180057F3FF /* Debug */,
				99599BBF2F9328180057F3FF /* Release */,
			);
			defaultConfigurationIsVisible = 0;
			defaultConfigurationName = Release;
		};
		99599BC02F9328180057F3FF /* Build configuration list for PBXNativeTarget "EnergyDashboardTests" */ = {
			isa = XCConfigurationList;
			buildConfigurations = (
				99599BC12F9328180057F3FF /* Debug */,
				99599BC22F9328180057F3FF /* Release */,
			);
			defaultConfigurationIsVisible = 0;
			defaultConfigurationName = Release;
		};
		99599BC32F9328180057F3FF /* Build configuration list for PBXNativeTarget "EnergyDashboardUITests" */ = {
			isa = XCConfigurationList;
			buildConfigurations = (
				99599BC42F9328180057F3FF /* Debug */,
				99599BC52F9328180057F3FF /* Release */,
			);
			defaultConfigurationIsVisible = 0;
			defaultConfigurationName = Release;
		};
/* End XCConfigurationList section */
	};
	rootObject = 99599B942F9328170057F3FF /* Project object */;
}
